{
  "name": "neotw",
  "version": "1.0.0",
  "lockfileVersion": 2,
  "requires": true,
  "packages": {
    "": {
      "name": "neotw",
      "version": "1.0.0",
      "license": "MIT",
      "dependencies": {
        "tiddlywiki": "^5.2.3"
      }
    },
    "node_modules/tiddlywiki": {
      "version": "5.2.3",
      "resolved": "https://registry.npmmirror.com/tiddlywiki/-/tiddlywiki-5.2.3.tgz",
      "integrity": "sha512-kf09XBI0bswr27pM6WBj/Vek4ATle83HwAtg8rPqJ8cjcC2/xX2SLEamiT8q4AAexjDDlQA05IlcPhhGtF0j6A==",
      "bin": {
        "tiddlywiki": "tiddlywiki.js"
      },
      "engines": {
        "node": ">=0.8.2"
      }
    }
  },
  "dependencies": {
    "tiddlywiki": {
      "version": "5.2.3",
      "resolved": "https://registry.npmmirror.com/tiddlywiki/-/tiddlywiki-5.2.3.tgz",
      "integrity": "sha512-kf09XBI0bswr27pM6WBj/Vek4ATle83HwAtg8rPqJ8cjcC2/xX2SLEamiT8q4AAexjDDlQA05IlcPhhGtF0j6A=="
    }
  }
}
